
Microsoft Visual Studio Solution File, Format Version 12.00
# Visual Studio 2012
Project("{FAE04EC0-301F-11D3-BF4B-00C04F79EFBC}") = "NodeJS", "NodeJS\NodeJS.csproj", "{982279B6-0070-4614-91A6-02F1AEE36E4F}"
EndProject
Global
	GlobalSection(SolutionConfigurationPlatforms) = preSolution
		Debug|Any CPU = Debug|Any CPU
		Release|Any CPU = Release|Any CPU
	EndGlobalSection
	GlobalSection(ProjectConfigurationPlatforms) = postSolution
		{982279B6-0070-4614-91A6-02F1AEE36E4F}.Debug|Any CPU.ActiveCfg = Debug|Any CPU
		{982279B6-0070-4614-91A6-02F1AEE36E4F}.Debug|Any CPU.Build.0 = Debug|Any CPU
		{982279B6-0070-4614-91A6-02F1AEE36E4F}.Release|Any CPU.ActiveCfg = Release|Any CPU
		{982279B6-0070-4614-91A6-02F1AEE36E4F}.Release|Any CPU.Build.0 = Release|Any CPU
	EndGlobalSection
	GlobalSection(SolutionProperties) = preSolution
		HideSolutionNode = FALSE
	EndGlobalSection
EndGlobal
